
Microsoft Visual Studio Solution File, Format Version 12.00
# Visual Studio Version 16
VisualStudioVersion = 16.0.29306.81
MinimumVisualStudioVersion = 10.0.40219.1
Project("{FAE04EC0-301F-11D3-BF4B-00C04F79EFBC}") = "WebAPIReact", "WebAPIReact.csproj", "{CDD1F019-A1BA-498C-B469-37864F048964}"
EndProject
Global
	GlobalSection(SolutionConfigurationPlatforms) = preSolution
		Debug|Any CPU = Debug|Any CPU
		Release|Any CPU = Release|Any CPU
	EndGlobalSection
	GlobalSection(ProjectConfigurationPlatforms) = postSolution
		{CDD1F019-A1BA-498C-B469-37864F048964}.Debug|Any CPU.ActiveCfg = Debug|Any CPU
		{CDD1F019-A1BA-498C-B469-37864F048964}.Debug|Any CPU.Build.0 = Debug|Any CPU
		{CDD1F019-A1BA-498C-B469-37864F048964}.Release|Any CPU.ActiveCfg = Release|Any CPU
		{CDD1F019-A1BA-498C-B469-37864F048964}.Release|Any CPU.Build.0 = Release|Any CPU
	EndGlobalSection
	GlobalSection(SolutionProperties) = preSolution
		HideSolutionNode = FALSE
	EndGlobalSection
	GlobalSection(ExtensibilityGlobals) = postSolution
		SolutionGuid = {ECAEAC73-7C81-48D0-A7CC-04384654379B}
	EndGlobalSection
EndGlobal
